
Microsoft Visual Studio Solution File, Format Version 12.00
# Visual Studio Version 17
VisualStudioVersion = 17.14.36127.28 d17.14
MinimumVisualStudioVersion = 10.0.40219.1
Project("{FAE04EC0-301F-11D3-BF4B-00C04F79EFBC}") = "UtterlyAPI", "UtterlyAPI.csproj", "{BDEDC75E-9F5F-9A8A-F33E-756FF0FD1A36}"
EndProject
Global
	GlobalSection(SolutionConfigurationPlatforms) = preSolution
		Debug|Any CPU = Debug|Any CPU
		Release|Any CPU = Release|Any CPU
	EndGlobalSection
	GlobalSection(ProjectConfigurationPlatforms) = postSolution
		{BDEDC75E-9F5F-9A8A-F33E-756FF0FD1A36}.Debug|Any CPU.ActiveCfg = Debug|Any CPU
		{BDEDC75E-9F5F-9A8A-F33E-756FF0FD1A36}.Debug|Any CPU.Build.0 = Debug|Any CPU
		{BDEDC75E-9F5F-9A8A-F33E-756FF0FD1A36}.Release|Any CPU.ActiveCfg = Release|Any CPU
		{BDEDC75E-9F5F-9A8A-F33E-756FF0FD1A36}.Release|Any CPU.Build.0 = Release|Any CPU
	EndGlobalSection
	GlobalSection(SolutionProperties) = preSolution
		HideSolutionNode = FALSE
	EndGlobalSection
	GlobalSection(ExtensibilityGlobals) = postSolution
		SolutionGuid = {C4483937-9434-4E48-B9E9-3B0846110203}
	EndGlobalSection
EndGlobal
